
Microsoft Visual Studio Solution File, Format Version 12.00
# Visual Studio Version 17
VisualStudioVersion = 17.10.35027.167
MinimumVisualStudioVersion = 10.0.40219.1
Project("{9A19103F-16F7-4668-BE54-9A1E7A4F7556}") = "BananaShop", "ConsoleApp1\BananaShop.csproj", "{B7D5CA83-6A05-4AF7-A0F6-1618DC85AC78}"
EndProject
Project("{FAE04EC0-301F-11D3-BF4B-00C04F79EFBC}") = "BananaShopTests", "TestProject1\BananaShopTests.csproj", "{09AAD5B7-E8D4-4C0B-B023-85F90A656063}"
EndProject
Global
	GlobalSection(SolutionConfigurationPlatforms) = preSolution
		Debug|Any CPU = Debug|Any CPU
		Release|Any CPU = Release|Any CPU
	EndGlobalSection
	GlobalSection(ProjectConfigurationPlatforms) = postSolution
		{B7D5CA83-6A05-4AF7-A0F6-1618DC85AC78}.Debug|Any CPU.ActiveCfg = Debug|Any CPU
		{B7D5CA83-6A05-4AF7-A0F6-1618DC85AC78}.Debug|Any CPU.Build.0 = Debug|Any CPU
		{B7D5CA83-6A05-4AF7-A0F6-1618DC85AC78}.Release|Any CPU.ActiveCfg = Release|Any CPU
		{B7D5CA83-6A05-4AF7-A0F6-1618DC85AC78}.Release|Any CPU.Build.0 = Release|Any CPU
		{09AAD5B7-E8D4-4C0B-B023-85F90A656063}.Debug|Any CPU.ActiveCfg = Debug|Any CPU
		{09AAD5B7-E8D4-4C0B-B023-85F90A656063}.Debug|Any CPU.Build.0 = Debug|Any CPU
		{09AAD5B7-E8D4-4C0B-B023-85F90A656063}.Release|Any CPU.ActiveCfg = Release|Any CPU
		{09AAD5B7-E8D4-4C0B-B023-85F90A656063}.Release|Any CPU.Build.0 = Release|Any CPU
	EndGlobalSection
	GlobalSection(SolutionProperties) = preSolution
		HideSolutionNode = FALSE
	EndGlobalSection
	GlobalSection(ExtensibilityGlobals) = postSolution
		SolutionGuid = {4B3654BB-55AF-46F4-920C-FFD423BACB5C}
	EndGlobalSection
EndGlobal
